
Microsoft Visual Studio Solution File, Format Version 12.00
# Visual Studio Version 16
VisualStudioVersion = 25.0.1704.2
MinimumVisualStudioVersion = 10.0.40219.1
Project("{FAE04EC0-301F-11D3-BF4B-00C04F79EFBC}") = "HWK1A", "HWK1A\HWK1A.csproj", "{1B1CEB45-EDF8-422A-A38F-4ED4C91EC1C6}"
EndProject
Global
	GlobalSection(SolutionConfigurationPlatforms) = preSolution
		Debug|Any CPU = Debug|Any CPU
		Release|Any CPU = Release|Any CPU
	EndGlobalSection
	GlobalSection(ProjectConfigurationPlatforms) = postSolution
		{1B1CEB45-EDF8-422A-A38F-4ED4C91EC1C6}.Debug|Any CPU.ActiveCfg = Debug|Any CPU
		{1B1CEB45-EDF8-422A-A38F-4ED4C91EC1C6}.Debug|Any CPU.Build.0 = Debug|Any CPU
		{1B1CEB45-EDF8-422A-A38F-4ED4C91EC1C6}.Release|Any CPU.ActiveCfg = Release|Any CPU
		{1B1CEB45-EDF8-422A-A38F-4ED4C91EC1C6}.Release|Any CPU.Build.0 = Release|Any CPU
	EndGlobalSection
	GlobalSection(SolutionProperties) = preSolution
		HideSolutionNode = FALSE
	EndGlobalSection
	GlobalSection(ExtensibilityGlobals) = postSolution
		SolutionGuid = {E2A9860A-1EB4-45D5-92BF-E8BEE3A1E70D}
	EndGlobalSection
EndGlobal
